
Microsoft Visual Studio Solution File, Format Version 12.00
# Visual Studio 2015
Project("{FAE04EC0-301F-11D3-BF4B-00C04F79EFBC}") = "Life.CSharp", "Life.CSharp.csproj", "{63CF8A82-1255-E125-D77B-8A5F8A8E5C36}"
EndProject
Global
	GlobalSection(SolutionConfigurationPlatforms) = preSolution
		Debug|Any CPU = Debug|Any CPU
		Release|Any CPU = Release|Any CPU
	EndGlobalSection
	GlobalSection(ProjectConfigurationPlatforms) = postSolution
		{63CF8A82-1255-E125-D77B-8A5F8A8E5C36}.Debug|Any CPU.ActiveCfg = Debug|Any CPU
		{63CF8A82-1255-E125-D77B-8A5F8A8E5C36}.Debug|Any CPU.Build.0 = Debug|Any CPU
		{63CF8A82-1255-E125-D77B-8A5F8A8E5C36}.Release|Any CPU.ActiveCfg = Release|Any CPU
		{63CF8A82-1255-E125-D77B-8A5F8A8E5C36}.Release|Any CPU.Build.0 = Release|Any CPU
	EndGlobalSection
	GlobalSection(SolutionProperties) = preSolution
		HideSolutionNode = FALSE
	EndGlobalSection
EndGlobal
